
Microsoft Visual Studio Solution File, Format Version 12.00
# Visual Studio Version 17
VisualStudioVersion = 17.14.36429.23 d17.14
MinimumVisualStudioVersion = 10.0.40219.1
Project("{54A90642-561A-4BB1-A94E-469ADEE60C69}") = "angularwithasp.client", "angularwithasp.client\angularwithasp.client.esproj", "{0B53EE48-D1F6-17D7-016E-B39CBC72E3E5}"
EndProject
Project("{FAE04EC0-301F-11D3-BF4B-00C04F79EFBC}") = "AngularWithASP.Server", "AngularWithASP.Server\AngularWithASP.Server.csproj", "{5D40B0CF-85EB-4105-B0F3-C561CBB183F3}"
EndProject
Global
	GlobalSection(SolutionConfigurationPlatforms) = preSolution
		Debug|Any CPU = Debug|Any CPU
		Release|Any CPU = Release|Any CPU
	EndGlobalSection
	GlobalSection(ProjectConfigurationPlatforms) = postSolution
		{0B53EE48-D1F6-17D7-016E-B39CBC72E3E5}.Debug|Any CPU.ActiveCfg = Debug|Any CPU
		{0B53EE48-D1F6-17D7-016E-B39CBC72E3E5}.Debug|Any CPU.Build.0 = Debug|Any CPU
		{0B53EE48-D1F6-17D7-016E-B39CBC72E3E5}.Debug|Any CPU.Deploy.0 = Debug|Any CPU
		{0B53EE48-D1F6-17D7-016E-B39CBC72E3E5}.Release|Any CPU.ActiveCfg = Release|Any CPU
		{0B53EE48-D1F6-17D7-016E-B39CBC72E3E5}.Release|Any CPU.Build.0 = Release|Any CPU
		{0B53EE48-D1F6-17D7-016E-B39CBC72E3E5}.Release|Any CPU.Deploy.0 = Release|Any CPU
		{5D40B0CF-85EB-4105-B0F3-C561CBB183F3}.Debug|Any CPU.ActiveCfg = Debug|Any CPU
		{5D40B0CF-85EB-4105-B0F3-C561CBB183F3}.Debug|Any CPU.Build.0 = Debug|Any CPU
		{5D40B0CF-85EB-4105-B0F3-C561CBB183F3}.Release|Any CPU.ActiveCfg = Release|Any CPU
		{5D40B0CF-85EB-4105-B0F3-C561CBB183F3}.Release|Any CPU.Build.0 = Release|Any CPU
	EndGlobalSection
	GlobalSection(SolutionProperties) = preSolution
		HideSolutionNode = FALSE
	EndGlobalSection
	GlobalSection(ExtensibilityGlobals) = postSolution
		SolutionGuid = {F218081B-D0B2-4EA4-9D29-F83CD67ADF50}
	EndGlobalSection
EndGlobal
